
Microsoft Visual Studio Solution File, Format Version 12.00
# Visual Studio Version 16
VisualStudioVersion = 16.0.30611.23
MinimumVisualStudioVersion = 10.0.40219.1
Project("{FAE04EC0-301F-11D3-BF4B-00C04F79EFBC}") = "Blazor-AdminTemplate", "Blazor-AdminTemplate\Blazor-AdminTemplate.csproj", "{B621475C-7FF2-4BEC-99DE-60AE4F901FC2}"
EndProject
Global
	GlobalSection(SolutionConfigurationPlatforms) = preSolution
		Debug|Any CPU = Debug|Any CPU
		Release|Any CPU = Release|Any CPU
	EndGlobalSection
	GlobalSection(ProjectConfigurationPlatforms) = postSolution
		{B621475C-7FF2-4BEC-99DE-60AE4F901FC2}.Debug|Any CPU.ActiveCfg = Debug|Any CPU
		{B621475C-7FF2-4BEC-99DE-60AE4F901FC2}.Debug|Any CPU.Build.0 = Debug|Any CPU
		{B621475C-7FF2-4BEC-99DE-60AE4F901FC2}.Release|Any CPU.ActiveCfg = Release|Any CPU
		{B621475C-7FF2-4BEC-99DE-60AE4F901FC2}.Release|Any CPU.Build.0 = Release|Any CPU
	EndGlobalSection
	GlobalSection(SolutionProperties) = preSolution
		HideSolutionNode = FALSE
	EndGlobalSection
	GlobalSection(ExtensibilityGlobals) = postSolution
		SolutionGuid = {B3D1A571-616E-4337-9510-1E5BAFA5AE36}
	EndGlobalSection
EndGlobal
